# THIS IS AN AUTOGENERATED FILE. DO NOT EDIT THIS FILE DIRECTLY.
# yarn lockfile v1


"@jridgewell/gen-mapping@^0.3.0":
  version "0.3.3"
  resolved "https://registry.npmjs.org/@jridgewell/gen-mapping/-/gen-mapping-0.3.3.tgz#7e02e6eb5df901aaedb08514203b096614024098"
  integrity sha512-HLhSWOLRi875zjjMG/r+Nv0oCW8umGb0BgEhyX3dDX3egwZtB8PqLnjz3yedt8R5StBrzcg4aBpnh8UA9D1BoQ==
  dependencies:
    "@jridgewell/set-array" "^1.0.1"
    "@jridgewell/sourcemap-codec" "^1.4.10"
    "@jridgewell/trace-mapping" "^0.3.9"

"@jridgewell/resolve-uri@^3.1.0":
  version "3.1.1"
  resolved "https://registry.npmjs.org/@jridgewell/resolve-uri/-/resolve-uri-3.1.1.tgz#c08679063f279615a3326583ba3a90d1d82cc721"
  integrity sha512-dSYZh7HhCDtCKm4QakX0xFpsRDqjjtZf/kjI/v3T3Nwt5r8/qz/M19F9ySyOqU94SXBmeG9ttTul+YnR4LOxFA==

"@jridgewell/set-array@^1.0.1":
  version "1.1.2"
  resolved "https://registry.npmjs.org/@jridgewell/set-array/-/set-array-1.1.2.tgz#7c6cf998d6d20b914c0a55a91ae928ff25965e72"
  integrity sha512-xnkseuNADM0gt2bs+BvhO0p78Mk762YnZdsuzFV018NoG1Sj1SCQvpSqa7XUaTam5vAGasABV9qXASMKnFMwMw==

"@jridgewell/source-map@^0.3.3":
  version "0.3.5"
  resolved "https://registry.npmjs.org/@jridgewell/source-map/-/source-map-0.3.5.tgz#a3bb4d5c6825aab0d281268f47f6ad5853431e91"
  integrity sha512-UTYAUj/wviwdsMfzoSJspJxbkH5o1snzwX0//0ENX1u/55kkZZkcTZP6u9bwKGkv+dkk9at4m1Cpt0uY80kcpQ==
  dependencies:
    "@jridgewell/gen-mapping" "^0.3.0"
    "@jridgewell/trace-mapping" "^0.3.9"

"@jridgewell/sourcemap-codec@^1.4.10", "@jridgewell/sourcemap-codec@^1.4.14":
  version "1.4.15"
  resolved "https://registry.npmjs.org/@jridgewell/sourcemap-codec/-/sourcemap-codec-1.4.15.tgz#d7c6e6755c78567a951e04ab52ef0fd26de59f32"
  integrity sha512-eF2rxCRulEKXHTRiDrDy6erMYWqNw4LPdQ8UQA4huuxaQsVeRPFl2oM8oDGxMFhJUWZf9McpLtJasDDZb/Bpeg==

"@jridgewell/trace-mapping@^0.3.9":
  version "0.3.20"
  resolved "https://registry.npmjs.org/@jridgewell/trace-mapping/-/trace-mapping-0.3.20.tgz#72e45707cf240fa6b081d0366f8265b0cd10197f"
  integrity sha512-R8LcPeWZol2zR8mmH3JeKQ6QRCFb7XgUhV9ZlGhHLGyg4wpPiPZNQOOWhFZhxKw8u//yTbNGI42Bx/3paXEQ+Q==
  dependencies:
    "@jridgewell/resolve-uri" "^3.1.0"
    "@jridgewell/sourcemap-codec" "^1.4.14"

"@rollup/rollup-android-arm-eabi@4.5.2":
  version "4.5.2"
  resolved "https://registry.npmjs.org/@rollup/rollup-android-arm-eabi/-/rollup-android-arm-eabi-4.5.2.tgz#fa3e9ba323449f098b8d144ecaa4f044d2ff2ee3"
  integrity sha512-ee7BudTwwrglFYSc3UnqInDDjCLWHKrFmGNi4aK7jlEyg4CyPa1DCMrZfsN1O13YT76UFEqXz2CoN7BCGpUlJw==

"@rollup/rollup-android-arm64@4.5.2":
  version "4.5.2"
  resolved "https://registry.npmjs.org/@rollup/rollup-android-arm64/-/rollup-android-arm64-4.5.2.tgz#961089fe117ceca642b6432fadd093048da93ae8"
  integrity sha512-xOuhj9HHtn8128ir8veoQsBbAUBasDbHIBniYTEx02pAmu9EXL+ZjJqngnNEy6ZgZ4h1JwL33GMNu3yJL5Mzow==

"@rollup/rollup-darwin-arm64@4.5.2":
  version "4.5.2"
  resolved "https://registry.npmjs.org/@rollup/rollup-darwin-arm64/-/rollup-darwin-arm64-4.5.2.tgz#a8c13123b830aa743f604b732d72b260dd9de0f6"
  integrity sha512-NTGJWoL8bKyqyWFn9/RzSv4hQ4wTbaAv0lHHRwf4OnpiiP4P8W0jiXbm8Nc5BCXKmWAwuvJY82mcIU2TayC20g==

"@rollup/rollup-darwin-x64@4.5.2":
  version "4.5.2"
  resolved "https://registry.npmjs.org/@rollup/rollup-darwin-x64/-/rollup-darwin-x64-4.5.2.tgz#ab3a46c846bed784e8f52f253c59dcd70175ef24"
  integrity sha512-hlKqj7bpPvU15sZo4za14u185lpMzdwWLMc9raMqPK4wywt0wR23y1CaVQ4oAFXat3b5/gmRntyfpwWTKl+vvA==

"@rollup/rollup-linux-arm-gnueabihf@4.5.2":
  version "4.5.2"
  resolved "https://registry.npmjs.org/@rollup/rollup-linux-arm-gnueabihf/-/rollup-linux-arm-gnueabihf-4.5.2.tgz#aa98197f06d9d795a317152ec8d95e65a369053b"
  integrity sha512-7ZIZx8c3u+pfI0ohQsft/GywrXez0uR6dUP0JhBuCK3sFO5TfdLn/YApnVkvPxuTv3+YKPIZend9Mt7Cz6sS3Q==

"@rollup/rollup-linux-arm64-gnu@4.5.2":
  version "4.5.2"
  resolved "https://registry.npmjs.org/@rollup/rollup-linux-arm64-gnu/-/rollup-linux-arm64-gnu-4.5.2.tgz#a0dc66fa46553b8bb1c96df41ae8308770aebecf"
  integrity sha512-7Pk/5mO11JW/cH+a8lL/i0ZxmRGrbpYqN0VwO2DHhU+SJWWOH2zE1RAcPaj8KqiwC8DCDIJOSxjV9+9lLb6aeA==

"@rollup/rollup-linux-arm64-musl@4.5.2":
  version "4.5.2"
  resolved "https://registry.npmjs.org/@rollup/rollup-linux-arm64-musl/-/rollup-linux-arm64-musl-4.5.2.tgz#32117bb51bdd761b8f759c9fed9eab493154cdfd"
  integrity sha512-KrRnuG5phJx756e62wxvWH2e+TK84MP2IVuPwfge+GBvWqIUfVzFRn09TKruuQBXzZp52Vyma7FjMDkwlA9xpg==

"@rollup/rollup-linux-x64-gnu@4.5.2":
  version "4.5.2"
  resolved "https://registry.npmjs.org/@rollup/rollup-linux-x64-gnu/-/rollup-linux-x64-gnu-4.5.2.tgz#566cda292f95d6ef995344887217a82e9fd20ad6"
  integrity sha512-My+53GasPa2D2tU5dXiyHYwrELAUouSfkNlZ3bUKpI7btaztO5vpALEs3mvFjM7aKTvEbc7GQckuXeXIDKQ0fg==

"@rollup/rollup-linux-x64-musl@4.5.2":
  version "4.5.2"
  resolved "https://registry.npmjs.org/@rollup/rollup-linux-x64-musl/-/rollup-linux-x64-musl-4.5.2.tgz#d5dcc18af0388209e11586d3c0c9626ba7577b04"
  integrity sha512-/f0Q6Sc+Vw54Ws6N8fxaEe4R7at3b8pFyv+O/F2VaQ4hODUJcRUcCBJh6zuqtgQQt7w845VTkGLFgWZkP3tUoQ==

"@rollup/rollup-win32-arm64-msvc@4.5.2":
  version "4.5.2"
  resolved "https://registry.npmjs.org/@rollup/rollup-win32-arm64-msvc/-/rollup-win32-arm64-msvc-4.5.2.tgz#b880eb1d349f166939ffbe27cbf1efd2e1923819"
  integrity sha512-NCKuuZWLht6zj7s6EIFef4BxCRX1GMr83S2W4HPCA0RnJ4iHE4FS1695q6Ewoa6A9nFjJe1//yUu0kgBU07Edw==

"@rollup/rollup-win32-ia32-msvc@4.5.2":
  version "4.5.2"
  resolved "https://registry.npmjs.org/@rollup/rollup-win32-ia32-msvc/-/rollup-win32-ia32-msvc-4.5.2.tgz#4b799c851864a10491a4755b5b8eadceae3e9889"
  integrity sha512-J5zL3riR4AOyU/J3M/i4k/zZ8eP1yT+nTmAKztCXJtnI36jYH0eepvob22mAQ/kLwfsK2TB6dbyVY1F8c/0H5A==

"@rollup/rollup-win32-x64-msvc@4.5.2":
  version "4.5.2"
  resolved "https://registry.npmjs.org/@rollup/rollup-win32-x64-msvc/-/rollup-win32-x64-msvc-4.5.2.tgz#7e59216d929a6b444304000be40c32d2d127fe4f"
  integrity sha512-pL0RXRHuuGLhvs7ayX/SAHph1hrDPXOM5anyYUQXWJEENxw3nfHkzv8FfVlEVcLyKPAEgDRkd6RKZq2SMqS/yg==

acorn@^8.8.2:
  version "8.11.2"
  resolved "https://registry.npmjs.org/acorn/-/acorn-8.11.2.tgz#ca0d78b51895be5390a5903c5b3bdcdaf78ae40b"
  integrity sha512-nc0Axzp/0FILLEVsm4fNwLCwMttvhEI263QtVPQcbpfZZ3ts0hLsZGOpE6czNlid7CJ9MlyH8reXkpsf3YUY4w==

buffer-from@^1.0.0:
  version "1.1.2"
  resolved "https://registry.npmjs.org/buffer-from/-/buffer-from-1.1.2.tgz#2b146a6fd72e80b4f55d255f35ed59a3a9a41bd5"
  integrity sha512-E+XQCRwSbaaiChtv6k6Dwgc+bx+Bs6vuKJHHl5kox/BaKbhiXzqQOwK4cO22yElGp2OCmjwVhT3HmxgyPGnJfQ==

commander@^2.20.0:
  version "2.20.3"
  resolved "https://registry.npmjs.org/commander/-/commander-2.20.3.tgz#fd485e84c03eb4881c20722ba48035e8531aeb33"
  integrity sha512-GpVkmM8vF2vQUkj2LvZmD35JxeJOLCwJ9cUkugyk2nuhbv3+mJvpLYYt+0+USMxE+oj+ey/lJEnhZw75x/OMcQ==

fsevents@~2.3.2:
  version "2.3.3"
  resolved "https://registry.npmjs.org/fsevents/-/fsevents-2.3.3.tgz#cac6407785d03675a2a5e1a5305c697b347d90d6"
  integrity sha512-5xoDfX+fL7faATnagmWPpbFtwh/R77WmMMqqHGS65C3vvB0YHrgF+B1YmZ3441tMj5n63k0212XNoJwzlhffQw==

rollup@^4.5.2:
  version "4.5.2"
  resolved "https://registry.npmjs.org/rollup/-/rollup-4.5.2.tgz#2cf0ef0a57cb4038c50a66356684fd30071d0595"
  integrity sha512-CRK1uoROBfkcqrZKyaFcqCcZWNsvJ6yVYZkqTlRocZhO2s5yER6Z3f/QaYtO8RGyloPnmhwgzuPQpNGeK210xQ==
  optionalDependencies:
    "@rollup/rollup-android-arm-eabi" "4.5.2"
    "@rollup/rollup-android-arm64" "4.5.2"
    "@rollup/rollup-darwin-arm64" "4.5.2"
    "@rollup/rollup-darwin-x64" "4.5.2"
    "@rollup/rollup-linux-arm-gnueabihf" "4.5.2"
    "@rollup/rollup-linux-arm64-gnu" "4.5.2"
    "@rollup/rollup-linux-arm64-musl" "4.5.2"
    "@rollup/rollup-linux-x64-gnu" "4.5.2"
    "@rollup/rollup-linux-x64-musl" "4.5.2"
    "@rollup/rollup-win32-arm64-msvc" "4.5.2"
    "@rollup/rollup-win32-ia32-msvc" "4.5.2"
    "@rollup/rollup-win32-x64-msvc" "4.5.2"
    fsevents "~2.3.2"

source-map-support@~0.5.20:
  version "0.5.21"
  resolved "https://registry.npmjs.org/source-map-support/-/source-map-support-0.5.21.tgz#04fe7c7f9e1ed2d662233c28cb2b35b9f63f6e4f"
  integrity sha512-uBHU3L3czsIyYXKX88fdrGovxdSCoTGDRZ6SYXtSRxLZUzHg5P/66Ht6uoUlHu9EZod+inXhKo3qQgwXUT/y1w==
  dependencies:
    buffer-from "^1.0.0"
    source-map "^0.6.0"

source-map@^0.6.0:
  version "0.6.1"
  resolved "https://registry.npmjs.org/source-map/-/source-map-0.6.1.tgz#74722af32e9614e9c287a8d0bbde48b5e2f1a263"
  integrity sha512-UjgapumWlbMhkBgzT7Ykc5YXUT46F0iKu8SGXq0bcwP5dz/h0Plj6enJqjz1Zbq2l5WaqYnrVbwWOWMyF3F47g==

terser@^5.24.0:
  version "5.24.0"
  resolved "https://registry.npmjs.org/terser/-/terser-5.24.0.tgz#4ae50302977bca4831ccc7b4fef63a3c04228364"
  integrity sha512-ZpGR4Hy3+wBEzVEnHvstMvqpD/nABNelQn/z2r0fjVWGQsN3bpOLzQlqDxmb4CDZnXq5lpjnQ+mHQLAOpfM5iw==
  dependencies:
    "@jridgewell/source-map" "^0.3.3"
    acorn "^8.8.2"
    commander "^2.20.0"
    source-map-support "~0.5.20"
